// !$*UTF8*$!
{
	archiveVersion = 1;
	classes = {
	};
	objectVersion = 50;
	objects = {

/* Begin PBXBuildFile section */
		9B7FF78C2458D9E600E527EC /* AppDelegate.swift in Sources */ = {isa = PBXBuildFile; fileRef = 9B7FF78B2458D9E600E527EC /* AppDelegate.swift */; };
		9B7FF78E2458D9E600E527EC /* SceneDelegate.swift in Sources */ = {isa = PBXBuildFile; fileRef = 9B7FF78D2458D9E600E527EC /* SceneDelegate.swift */; };
		9B7FF7912458D9E600E527EC /* Quotes.xcdatamodeld in Sources */ = {isa = PBXBuildFile; fileRef = 9B7FF78F2458D9E600E527EC /* Quotes.xcdatamodeld */; };
		9B7FF7932458D9E600E527EC /* ContentView.swift in Sources */ = {isa = PBXBuildFile; fileRef = 9B7FF7922458D9E600E527EC /* ContentView.swift */; };
		9B7FF7952458D9E800E527EC /* Assets.xcassets in Resources */ = {isa = PBXBuildFile; fileRef = 9B7FF7942458D9E800E527EC /* Assets.xcassets */; };
		9B7FF7982458D9E800E527EC /* Preview Assets.xcassets in Resources */ = {isa = PBXBuildFile; fileRef = 9B7FF7972458D9E800E527EC /* Preview Assets.xcassets */; };
		9B7FF79B2458D9E800E527EC /* LaunchScreen.storyboard in Resources */ = {isa = PBXBuildFile; fileRef = 9B7FF7992458D9E800E527EC /* LaunchScreen.storyboard */; };
		9B7FF7A62458D9E900E527EC /* QuotesTests.swift in Sources */ = {isa = PBXBuildFile; fileRef = 9B7FF7A52458D9E900E527EC /* QuotesTests.swift */; };
		9B7FF7B12458D9E900E527EC /* QuotesUITests.swift in Sources */ = {isa = PBXBuildFile; fileRef = 9B7FF7B02458D9E900E527EC /* QuotesUITests.swift */; };
		9B7FF7C02458DC3B00E527EC /* CircleImage.swift in Sources */ = {isa = PBXBuildFile; fileRef = 9B7FF7BF2458DC3B00E527EC /* CircleImage.swift */; };
		9B7FF7C42458E04000E527EC /* Quote.swift in Sources */ = {isa = PBXBuildFile; fileRef = 9B7FF7C32458E04000E527EC /* Quote.swift */; };
		9BCACBF52463399200690130 /* original.json in Resources */ = {isa = PBXBuildFile; fileRef = 9BCACBF42463399100690130 /* original.json */; };
		9BCACBF724633A5300690130 /* Data.swift in Sources */ = {isa = PBXBuildFile; fileRef = 9BCACBF624633A5300690130 /* Data.swift */; };
/* End PBXBuildFile section */

/* Begin PBXContainerItemProxy section */
		9B7FF7A22458D9E900E527EC /* PBXContainerItemProxy */ = {
			isa = PBXContainerItemProxy;
			containerPortal = 9B7FF7802458D9E600E527EC /* Project object */;
			proxyType = 1;
			remoteGlobalIDString = 9B7FF7872458D9E600E527EC;
			remoteInfo = Quotes;
		};
		9B7FF7AD2458D9E900E527EC /* PBXContainerItemProxy */ = {
			isa = PBXContainerItemProxy;
			containerPortal = 9B7FF7802458D9E600E527EC /* Project object */;
			proxyType = 1;
			remoteGlobalIDString = 9B7FF7872458D9E600E527EC;
			remoteInfo = Quotes;
		};
/* End PBXContainerItemProxy section */

/* Begin PBXFileReference section */
		9B7FF7882458D9E600E527EC /* Quotes.app */ = {isa = PBXFileReference; explicitFileType = wrapper.application; includeInIndex = 0; path = Quotes.app; sourceTree = BUILT_PRODUCTS_DIR; };
		9B7FF78B2458D9E600E527EC /* AppDelegate.swift */ = {isa = PBXFileReference; lastKnownFileType = sourcecode.swift; path = AppDelegate.swift; sourceTree = "<group>"; };
		9B7FF78D2458D9E600E527EC /* SceneDelegate.swift */ = {isa = PBXFileReference; lastKnownFileType = sourcecode.swift; path = SceneDelegate.swift; sourceTree = "<group>"; };
		9B7FF7902458D9E600E527EC /* Quotes.xcdatamodel */ = {isa = PBXFileReference; lastKnownFileType = wrapper.xcdatamodel; path = Quotes.xcdatamodel; sourceTree = "<group>"; };
		9B7FF7922458D9E600E527EC /* ContentView.swift */ = {isa = PBXFileReference; lastKnownFileType = sourcecode.swift; path = ContentView.swift; sourceTree = "<group>"; };
		9B7FF7942458D9E800E527EC /* Assets.xcassets */ = {isa = PBXFileReference; lastKnownFileType = folder.assetcatalog; path = Assets.xcassets; sourceTree = "<group>"; };
		9B7FF7972458D9E800E527EC /* Preview Assets.xcassets */ = {isa = PBXFileReference; lastKnownFileType = folder.assetcatalog; path = "Preview Assets.xcassets"; sourceTree = "<group>"; };
		9B7FF79A2458D9E800E527EC /* Base */ = {isa = PBXFileReference; lastKnownFileType = file.storyboard; name = Base; path = Base.lproj/LaunchScreen.storyboard; sourceTree = "<group>"; };
		9B7FF79C2458D9E800E527EC /* Info.plist */ = {isa = PBXFileReference; lastKnownFileType = text.plist.xml; path = Info.plist; sourceTree = "<group>"; };
		9B7FF7A12458D9E900E527EC /* QuotesTests.xctest */ = {isa = PBXFileReference; explicitFileType = wrapper.cfbundle; includeInIndex = 0; path = QuotesTests.xctest; sourceTree = BUILT_PRODUCTS_DIR; };
		9B7FF7A52458D9E900E527EC /* QuotesTests.swift */ = {isa = PBXFileReference; lastKnownFileType = sourcecode.swift; path = QuotesTests.swift; sourceTree = "<group>"; };
		9B7FF7A72458D9E900E527EC /* Info.plist */ = {isa = PBXFileReference; lastKnownFileType = text.plist.xml; path = Info.plist; sourceTree = "<group>"; };
		9B7FF7AC2458D9E900E527EC /* QuotesUITests.xctest */ = {isa = PBXFileReference; explicitFileType = wrapper.cfbundle; includeInIndex = 0; path = QuotesUITests.xctest; sourceTree = BUILT_PRODUCTS_DIR; };
		9B7FF7B02458D9E900E527EC /* QuotesUITests.swift */ = {isa = PBXFileReference; lastKnownFileType = sourcecode.swift; path = QuotesUITests.swift; sourceTree = "<group>"; };
		9B7FF7B22458D9E900E527EC /* Info.plist */ = {isa = PBXFileReference; lastKnownFileType = text.plist.xml; path = Info.plist; sourceTree = "<group>"; };
		9B7FF7BF2458DC3B00E527EC /* CircleImage.swift */ = {isa = PBXFileReference; lastKnownFileType = sourcecode.swift; path = CircleImage.swift; sourceTree = "<group>"; };
		9B7FF7C32458E04000E527EC /* Quote.swift */ = {isa = PBXFileReference; lastKnownFileType = sourcecode.swift; path = Quote.swift; sourceTree = "<group>"; };
		9BCACBF42463399100690130 /* original.json */ = {isa = PBXFileReference; fileEncoding = 4; lastKnownFileType = text.json; path = original.json; sourceTree = "<group>"; };
		9BCACBF624633A5300690130 /* Data.swift */ = {isa = PBXFileReference; lastKnownFileType = sourcecode.swift; path = Data.swift; sourceTree = "<group>"; };
/* End PBXFileReference section */

/* Begin PBXFrameworksBuildPhase section */
		9B7FF7852458D9E600E527EC /* Frameworks */ = {
			isa = PBXFrameworksBuildPhase;
			buildActionMask = 2147483647;
			files = (
			);
			runOnlyForDeploymentPostprocessing = 0;
		};
		9B7FF79E2458D9E900E527EC /* Frameworks */ = {
			isa = PBXFrameworksBuildPhase;
			buildActionMask = 2147483647;
			files = (
			);
			runOnlyForDeploymentPostprocessing = 0;
		};
		9B7FF7A92458D9E900E527EC /* Frameworks */ = {
			isa = PBXFrameworksBuildPhase;
			buildActionMask = 2147483647;
			files = (
			);
			runOnlyForDeploymentPostprocessing = 0;
		};
/* End PBXFrameworksBuildPhase section */

/* Begin PBXGroup section */
		9B7FF77F2458D9E600E527EC = {
			isa = PBXGroup;
			children = (
				9B7FF78A2458D9E600E527EC /* Quotes */,
				9B7FF7A42458D9E900E527EC /* QuotesTests */,
				9B7FF7AF2458D9E900E527EC /* QuotesUITests */,
				9B7FF7892458D9E600E527EC /* Products */,
			);
			sourceTree = "<group>";
		};
		9B7FF7892458D9E600E527EC /* Products */ = {
			isa = PBXGroup;
			children = (
				9B7FF7882458D9E600E527EC /* Quotes.app */,
				9B7FF7A12458D9E900E527EC /* QuotesTests.xctest */,
				9B7FF7AC2458D9E900E527EC /* QuotesUITests.xctest */,
			);
			name = Products;
			sourceTree = "<group>";
		};
		9B7FF78A2458D9E600E527EC /* Quotes */ = {
			isa = PBXGroup;
			children = (
				9B7FF7C22458E03500E527EC /* Model */,
				9B7FF7C12458E02F00E527EC /* Data */,
				9B7FF7BE2458DC2A00E527EC /* Views */,
				9B7FF78B2458D9E600E527EC /* AppDelegate.swift */,
				9B7FF78D2458D9E600E527EC /* SceneDelegate.swift */,
				9B7FF7942458D9E800E527EC /* Assets.xcassets */,
				9B7FF7992458D9E800E527EC /* LaunchScreen.storyboard */,
				9B7FF79C2458D9E800E527EC /* Info.plist */,
				9B7FF78F2458D9E600E527EC /* Quotes.xcdatamodeld */,
				9B7FF7962458D9E800E527EC /* Preview Content */,
			);
			path = Quotes;
			sourceTree = "<group>";
		};
		9B7FF7962458D9E800E527EC /* Preview Content */ = {
			isa = PBXGroup;
			children = (
				9B7FF7972458D9E800E527EC /* Preview Assets.xcassets */,
			);
			path = "Preview Content";
			sourceTree = "<group>";
		};
		9B7FF7A42458D9E900E527EC /* QuotesTests */ = {
			isa = PBXGroup;
			children = (
				9B7FF7A52458D9E900E527EC /* QuotesTests.swift */,
				9B7FF7A72458D9E900E527EC /* Info.plist */,
			);
			path = QuotesTests;
			sourceTree = "<group>";
		};
		9B7FF7AF2458D9E900E527EC /* QuotesUITests */ = {
			isa = PBXGroup;
			children = (
				9B7FF7B02458D9E900E527EC /* QuotesUITests.swift */,
				9B7FF7B22458D9E900E527EC /* Info.plist */,
			);
			path = QuotesUITests;
			sourceTree = "<group>";
		};
		9B7FF7BE2458DC2A00E527EC /* Views */ = {
			isa = PBXGroup;
			children = (
				9B7FF7922458D9E600E527EC /* ContentView.swift */,
				9B7FF7BF2458DC3B00E527EC /* CircleImage.swift */,
			);
			path = Views;
			sourceTree = "<group>";
		};
		9B7FF7C12458E02F00E527EC /* Data */ = {
			isa = PBXGroup;
			children = (
				9BCACBF42463399100690130 /* original.json */,
			);
			path = Data;
			sourceTree = "<group>";
		};
		9B7FF7C22458E03500E527EC /* Model */ = {
			isa = PBXGroup;
			children = (
				9B7FF7C32458E04000E527EC /* Quote.swift */,
				9BCACBF624633A5300690130 /* Data.swift */,
			);
			path = Model;
			sourceTree = "<group>";
		};
/* End PBXGroup section */

/* Begin PBXNativeTarget section */
		9B7FF7872458D9E600E527EC /* Quotes */ = {
			isa = PBXNativeTarget;
			buildConfigurationList = 9B7FF7B52458D9E900E527EC /* Build configuration list for PBXNativeTarget "Quotes" */;
			buildPhases = (
				9B7FF7842458D9E600E527EC /* Sources */,
				9B7FF7852458D9E600E527EC /* Frameworks */,
				9B7FF7862458D9E600E527EC /* Resources */,
			);
			buildRules = (
			);
			dependencies = (
			);
			name = Quotes;
			productName = Quotes;
			productReference = 9B7FF7882458D9E600E527EC /* Quotes.app */;
			productType = "com.apple.product-type.application";
		};
		9B7FF7A02458D9E900E527EC /* QuotesTests */ = {
			isa = PBXNativeTarget;
			buildConfigurationList = 9B7FF7B82458D9E900E527EC /* Build configuration list for PBXNativeTarget "QuotesTests" */;
			buildPhases = (
				9B7FF79D2458D9E900E527EC /* Sources */,
				9B7FF79E2458D9E900E527EC /* Frameworks */,
				9B7FF79F2458D9E900E527EC /* Resources */,
			);
			buildRules = (
			);
			dependencies = (
				9B7FF7A32458D9E900E527EC /* PBXTargetDependency */,
			);
			name = QuotesTests;
			productName = QuotesTests;
			productReference = 9B7FF7A12458D9E900E527EC /* QuotesTests.xctest */;
			productType = "com.apple.product-type.bundle.unit-test";
		};
		9B7FF7AB2458D9E900E527EC /* QuotesUITests */ = {
			isa = PBXNativeTarget;
			buildConfigurationList = 9B7FF7BB2458D9E900E527EC /* Build configuration list for PBXNativeTarget "QuotesUITests" */;
			buildPhases = (
				9B7FF7A82458D9E900E527EC /* Sources */,
				9B7FF7A92458D9E900E527EC /* Frameworks */,
				9B7FF7AA2458D9E900E527EC /* Resources */,
			);
			buildRules = (
			);
			dependencies = (
				9B7FF7AE2458D9E900E527EC /* PBXTargetDependency */,
			);
			name = QuotesUITests;
			productName = QuotesUITests;
			productReference = 9B7FF7AC2458D9E900E527EC /* QuotesUITests.xctest */;
			productType = "com.apple.product-type.bundle.ui-testing";
		};
/* End PBXNativeTarget section */

/* Begin PBXProject section */
		9B7FF7802458D9E600E527EC /* Project object */ = {
			isa = PBXProject;
			attributes = {
				LastSwiftUpdateCheck = 1140;
				LastUpgradeCheck = 1140;
				ORGANIZATIONNAME = "Craunic Productions";
				TargetAttributes = {
					9B7FF7872458D9E600E527EC = {
						CreatedOnToolsVersion = 11.4.1;
					};
					9B7FF7A02458D9E900E527EC = {
						CreatedOnToolsVersion = 11.4.1;
						TestTargetID = 9B7FF7872458D9E600E527EC;
					};
					9B7FF7AB2458D9E900E527EC = {
						CreatedOnToolsVersion = 11.4.1;
						TestTargetID = 9B7FF7872458D9E600E527EC;
					};
				};
			};
			buildConfigurationList = 9B7FF7832458D9E600E527EC /* Build configuration list for PBXProject "Quotes" */;
			compatibilityVersion = "Xcode 9.3";
			developmentRegion = en;
			hasScannedForEncodings = 0;
			knownRegions = (
				en,
				Base,
			);
			mainGroup = 9B7FF77F2458D9E600E527EC;
			productRefGroup = 9B7FF7892458D9E600E527EC /* Products */;
			projectDirPath = "";
			projectRoot = "";
			targets = (
				9B7FF7872458D9E600E527EC /* Quotes */,
				9B7FF7A02458D9E900E527EC /* QuotesTests */,
				9B7FF7AB2458D9E900E527EC /* QuotesUITests */,
			);
		};
/* End PBXProject section */

/* Begin PBXResourcesBuildPhase section */
		9B7FF7862458D9E600E527EC /* Resources */ = {
			isa = PBXResourcesBuildPhase;
			buildActionMask = 2147483647;
			files = (
				9B7FF79B2458D9E800E527EC /* LaunchScreen.storyboard in Resources */,
				9B7FF7982458D9E800E527EC /* Preview Assets.xcassets in Resources */,
				9BCACBF52463399200690130 /* original.json in Resources */,
				9B7FF7952458D9E800E527EC /* Assets.xcassets in Resources */,
			);
			runOnlyForDeploymentPostprocessing = 0;
		};
		9B7FF79F2458D9E900E527EC /* Resources */ = {
			isa = PBXResourcesBuildPhase;
			buildActionMask = 2147483647;
			files = (
			);
			runOnlyForDeploymentPostprocessing = 0;
		};
		9B7FF7AA2458D9E900E527EC /* Resources */ = {
			isa = PBXResourcesBuildPhase;
			buildActionMask = 2147483647;
			files = (
			);
			runOnlyForDeploymentPostprocessing = 0;
		};
/* End PBXResourcesBuildPhase section */

/* Begin PBXSourcesBuildPhase section */
		9B7FF7842458D9E600E527EC /* Sources */ = {
			isa = PBXSourcesBuildPhase;
			buildActionMask = 2147483647;
			files = (
				9BCACBF724633A5300690130 /* Data.swift in Sources */,
				9B7FF78C2458D9E600E527EC /* AppDelegate.swift in Sources */,
				9B7FF7912458D9E600E527EC /* Quotes.xcdatamodeld in Sources */,
				9B7FF7932458D9E600E527EC /* ContentView.swift in Sources */,
				9B7FF78E2458D9E600E527EC /* SceneDelegate.swift in Sources */,
				9B7FF7C42458E04000E527EC /* Quote.swift in Sources */,
				9B7FF7C02458DC3B00E527EC /* CircleImage.swift in Sources */,
			);
			runOnlyForDeploymentPostprocessing = 0;
		};
		9B7FF79D2458D9E900E527EC /* Sources */ = {
			isa = PBXSourcesBuildPhase;
			buildActionMask = 2147483647;
			files = (
				9B7FF7A62458D9E900E527EC /* QuotesTests.swift in Sources */,
			);
			runOnlyForDeploymentPostprocessing = 0;
		};
		9B7FF7A82458D9E900E527EC /* Sources */ = {
			isa = PBXSourcesBuildPhase;
			buildActionMask = 2147483647;
			files = (
				9B7FF7B12458D9E900E527EC /* QuotesUITests.swift in Sources */,
			);
			runOnlyForDeploymentPostprocessing = 0;
		};
/* End PBXSourcesBuildPhase section */

/* Begin PBXTargetDependency section */
		9B7FF7A32458D9E900E527EC /* PBXTargetDependency */ = {
			isa = PBXTargetDependency;
			target = 9B7FF7872458D9E600E527EC /* Quotes */;
			targetProxy = 9B7FF7A22458D9E900E527EC /* PBXContainerItemProxy */;
		};
		9B7FF7AE2458D9E900E527EC /* PBXTargetDependency */ = {
			isa = PBXTargetDependency;
			target = 9B7FF7872458D9E600E527EC /* Quotes */;
			targetProxy = 9B7FF7AD2458D9E900E527EC /* PBXContainerItemProxy */;
		};
/* End PBXTargetDependency section */

/* Begin PBXVariantGroup section */
		9B7FF7992458D9E800E527EC /* LaunchScreen.storyboard */ = {
			isa = PBXVariantGroup;
			children = (
				9B7FF79A2458D9E800E527EC /* Base */,
			);
			name = LaunchScreen.storyboard;
			sourceTree = "<group>";
		};
/* End PBXVariantGroup section */

/* Begin XCBuildConfiguration section */
		9B7FF7B32458D9E900E527EC /* Debug */ = {
			isa = XCBuildConfiguration;
			buildSettings = {
				ALWAYS_SEARCH_USER_PATHS = NO;
				CLANG_ANALYZER_NONNULL = YES;
				CLANG_ANALYZER_NUMBER_OBJECT_CONVERSION = YES_AGGRESSIVE;
				CLANG_CXX_LANGUAGE_STANDARD = "gnu++14";
				CLANG_CXX_LIBRARY = "libc++";
				CLANG_ENABLE_MODULES = YES;
				CLANG_ENABLE_OBJC_ARC = YES;
				CLANG_ENABLE_OBJC_WEAK = YES;
				CLANG_WARN_BLOCK_CAPTURE_AUTORELEASING = YES;
				CLANG_WARN_BOOL_CONVERSION = YES;
				CLANG_WARN_COMMA = YES;
				CLANG_WARN_CONSTANT_CONVERSION = YES;
				CLANG_WARN_DEPRECATED_OBJC_IMPLEMENTATIONS = YES;
				CLANG_WARN_DIRECT_OBJC_ISA_USAGE = YES_ERROR;
				CLANG_WARN_DOCUMENTATION_COMMENTS = YES;
				CLANG_WARN_EMPTY_BODY = YES;
				CLANG_WARN_ENUM_CONVERSION = YES;
				CLANG_WARN_INFINITE_RECURSION = YES;
				CLANG_WARN_INT_CONVERSION = YES;
				CLANG_WARN_NON_LITERAL_NULL_CONVERSION = YES;
				CLANG_WARN_OBJC_IMPLICIT_RETAIN_SELF = YES;
				CLANG_WARN_OBJC_LITERAL_CONVERSION = YES;
				CLANG_WARN_OBJC_ROOT_CLASS = YES_ERROR;
				CLANG_WARN_RANGE_LOOP_ANALYSIS = YES;
				CLANG_WARN_STRICT_PROTOTYPES = YES;
				CLANG_WARN_SUSPICIOUS_MOVE = YES;
				CLANG_WARN_UNGUARDED_AVAILABILITY = YES_AGGRESSIVE;
				CLANG_WARN_UNREACHABLE_CODE = YES;
				CLANG_WARN__DUPLICATE_METHOD_MATCH = YES;
				COPY_PHASE_STRIP = NO;
				DEBUG_INFORMATION_FORMAT = dwarf;
				ENABLE_STRICT_OBJC_MSGSEND = YES;
				ENABLE_TESTABILITY = YES;
				GCC_C_LANGUAGE_STANDARD = gnu11;
				GCC_DYNAMIC_NO_PIC = NO;
				GCC_NO_COMMON_BLOCKS = YES;
				GCC_OPTIMIZATION_LEVEL = 0;
				GCC_PREPROCESSOR_DEFINITIONS = (
					"DEBUG=1",
					"$(inherited)",
				);
				GCC_WARN_64_TO_32_BIT_CONVERSION = YES;
				GCC_WARN_ABOUT_RETURN_TYPE = YES_ERROR;
				GCC_WARN_UNDECLARED_SELECTOR = YES;
				GCC_WARN_UNINITIALIZED_AUTOS = YES_AGGRESSIVE;
				GCC_WARN_UNUSED_FUNCTION = YES;
				GCC_WARN_UNUSED_VARIABLE = YES;
				IPHONEOS_DEPLOYMENT_TARGET = 13.4;
				MTL_ENABLE_DEBUG_INFO = INCLUDE_SOURCE;
				MTL_FAST_MATH = YES;
				ONLY_ACTIVE_ARCH = YES;
				SDKROOT = iphoneos;
				SWIFT_ACTIVE_COMPILATION_CONDITIONS = DEBUG;
				SWIFT_OPTIMIZATION_LEVEL = "-Onone";
			};
			name = Debug;
		};
		9B7FF7B42458D9E900E527EC /* Release */ = {
			isa = XCBuildConfiguration;
			buildSettings = {
				ALWAYS_SEARCH_USER_PATHS = NO;
				CLANG_ANALYZER_NONNULL = YES;
				CLANG_ANALYZER_NUMBER_OBJECT_CONVERSION = YES_AGGRESSIVE;
				CLANG_CXX_LANGUAGE_STANDARD = "gnu++14";
				CLANG_CXX_LIBRARY = "libc++";
				CLANG_ENABLE_MODULES = YES;
				CLANG_ENABLE_OBJC_ARC = YES;
				CLANG_ENABLE_OBJC_WEAK = YES;
				CLANG_WARN_BLOCK_CAPTURE_AUTORELEASING = YES;
				CLANG_WARN_BOOL_CONVERSION = YES;
				CLANG_WARN_COMMA = YES;
				CLANG_WARN_CONSTANT_CONVERSION = YES;
				CLANG_WARN_DEPRECATED_OBJC_IMPLEMENTATIONS = YES;
				CLANG_WARN_DIRECT_OBJC_ISA_USAGE = YES_ERROR;
				CLANG_WARN_DOCUMENTATION_COMMENTS = YES;
				CLANG_WARN_EMPTY_BODY = YES;
				CLANG_WARN_ENUM_CONVERSION = YES;
				CLANG_WARN_INFINITE_RECURSION = YES;
				CLANG_WARN_INT_CONVERSION = YES;
				CLANG_WARN_NON_LITERAL_NULL_CONVERSION = YES;
				CLANG_WARN_OBJC_IMPLICIT_RETAIN_SELF = YES;
				CLANG_WARN_OBJC_LITERAL_CONVERSION = YES;
				CLANG_WARN_OBJC_ROOT_CLASS = YES_ERROR;
				CLANG_WARN_RANGE_LOOP_ANALYSIS = YES;
				CLANG_WARN_STRICT_PROTOTYPES = YES;
				CLANG_WARN_SUSPICIOUS_MOVE = YES;
				CLANG_WARN_UNGUARDED_AVAILABILITY = YES_AGGRESSIVE;
				CLANG_WARN_UNREACHABLE_CODE = YES;
				CLANG_WARN__DUPLICATE_METHOD_MATCH = YES;
				COPY_PHASE_STRIP = NO;
				DEBUG_INFORMATION_FORMAT = "dwarf-with-dsym";
				ENABLE_NS_ASSERTIONS = NO;
				ENABLE_STRICT_OBJC_MSGSEND = YES;
				GCC_C_LANGUAGE_STANDARD = gnu11;
				GCC_NO_COMMON_BLOCKS = YES;
				GCC_WARN_64_TO_32_BIT_CONVERSION = YES;
				GCC_WARN_ABOUT_RETURN_TYPE = YES_ERROR;
				GCC_WARN_UNDECLARED_SELECTOR = YES;
				GCC_WARN_UNINITIALIZED_AUTOS = YES_AGGRESSIVE;
				GCC_WARN_UNUSED_FUNCTION = YES;
				GCC_WARN_UNUSED_VARIABLE = YES;
				IPHONEOS_DEPLOYMENT_TARGET = 13.4;
				MTL_ENABLE_DEBUG_INFO = NO;
				MTL_FAST_MATH = YES;
				SDKROOT = iphoneos;
				SWIFT_COMPILATION_MODE = wholemodule;
				SWIFT_OPTIMIZATION_LEVEL = "-O";
				VALIDATE_PRODUCT = YES;
			};
			name = Release;
		};
		9B7FF7B62458D9E900E527EC /* Debug */ = {
			isa = XCBuildConfiguration;
			buildSettings = {
				ASSETCATALOG_COMPILER_APPICON_NAME = AppIcon;
				CODE_SIGN_STYLE = Automatic;
				DEVELOPMENT_ASSET_PATHS = "\"Quotes/Preview Content\"";
				DEVELOPMENT_TEAM = 96SB47X67B;
				ENABLE_PREVIEWS = YES;
				INFOPLIST_FILE = Quotes/Info.plist;
				LD_RUNPATH_SEARCH_PATHS = (
					"$(inherited)",
					"@executable_path/Frameworks",
				);
				PRODUCT_BUNDLE_IDENTIFIER = com.CraunicProductions.Quotes;
				PRODUCT_NAME = "$(TARGET_NAME)";
				SWIFT_VERSION = 5.0;
				TARGETED_DEVICE_FAMILY = "1,2";
			};
			name = Debug;
		};
		9B7FF7B72458D9E900E527EC /* Release */ = {
			isa = XCBuildConfiguration;
			buildSettings = {
				ASSETCATALOG_COMPILER_APPICON_NAME = AppIcon;
				CODE_SIGN_STYLE = Automatic;
				DEVELOPMENT_ASSET_PATHS = "\"Quotes/Preview Content\"";
				DEVELOPMENT_TEAM = 96SB47X67B;
				ENABLE_PREVIEWS = YES;
				INFOPLIST_FILE = Quotes/Info.plist;
				LD_RUNPATH_SEARCH_PATHS = (
					"$(inherited)",
					"@executable_path/Frameworks",
				);
				PRODUCT_BUNDLE_IDENTIFIER = com.CraunicProductions.Quotes;
				PRODUCT_NAME = "$(TARGET_NAME)";
				SWIFT_VERSION = 5.0;
				TARGETED_DEVICE_FAMILY = "1,2";
			};
			name = Release;
		};
		9B7FF7B92458D9E900E527EC /* Debug */ = {
			isa = XCBuildConfiguration;
			buildSettings = {
				ALWAYS_EMBED_SWIFT_STANDARD_LIBRARIES = YES;
				BUNDLE_LOADER = "$(TEST_HOST)";
				CODE_SIGN_STYLE = Automatic;
				DEVELOPMENT_TEAM = 96SB47X67B;
				INFOPLIST_FILE = QuotesTests/Info.plist;
				IPHONEOS_DEPLOYMENT_TARGET = 13.4;
				LD_RUNPATH_SEARCH_PATHS = (
					"$(inherited)",
					"@executable_path/Frameworks",
					"@loader_path/Frameworks",
				);
				PRODUCT_BUNDLE_IDENTIFIER = com.CraunicProductions.QuotesTests;
				PRODUCT_NAME = "$(TARGET_NAME)";
				SWIFT_VERSION = 5.0;
				TARGETED_DEVICE_FAMILY = "1,2";
				TEST_HOST = "$(BUILT_PRODUCTS_DIR)/Quotes.app/Quotes";
			};
			name = Debug;
		};
		9B7FF7BA2458D9E900E527EC /* Release */ = {
			isa = XCBuildConfiguration;
			buildSettings = {
				ALWAYS_EMBED_SWIFT_STANDARD_LIBRARIES = YES;
				BUNDLE_LOADER = "$(TEST_HOST)";
				CODE_SIGN_STYLE = Automatic;
				DEVELOPMENT_TEAM = 96SB47X67B;
				INFOPLIST_FILE = QuotesTests/Info.plist;
				IPHONEOS_DEPLOYMENT_TARGET = 13.4;
				LD_RUNPATH_SEARCH_PATHS = (
					"$(inherited)",
					"@executable_path/Frameworks",
					"@loader_path/Frameworks",
				);
				PRODUCT_BUNDLE_IDENTIFIER = com.CraunicProductions.QuotesTests;
				PRODUCT_NAME = "$(TARGET_NAME)";
				SWIFT_VERSION = 5.0;
				TARGETED_DEVICE_FAMILY = "1,2";
				TEST_HOST = "$(BUILT_PRODUCTS_DIR)/Quotes.app/Quotes";
			};
			name = Release;
		};
		9B7FF7BC2458D9E900E527EC /* Debug */ = {
			isa = XCBuildConfiguration;
			buildSettings = {
				ALWAYS_EMBED_SWIFT_STANDARD_LIBRARIES = YES;
				CODE_SIGN_STYLE = Automatic;
				DEVELOPMENT_TEAM = 96SB47X67B;
				INFOPLIST_FILE = QuotesUITests/Info.plist;
				LD_RUNPATH_SEARCH_PATHS = (
					"$(inherited)",
					"@executable_path/Frameworks",
					"@loader_path/Frameworks",
				);
				PRODUCT_BUNDLE_IDENTIFIER = com.CraunicProductions.QuotesUITests;
				PRODUCT_NAME = "$(TARGET_NAME)";
				SWIFT_VERSION = 5.0;
				TARGETED_DEVICE_FAMILY = "1,2";
				TEST_TARGET_NAME = Quotes;
			};
			name = Debug;
		};
		9B7FF7BD2458D9E900E527EC /* Release */ = {
			isa = XCBuildConfiguration;
			buildSettings = {
				ALWAYS_EMBED_SWIFT_STANDARD_LIBRARIES = YES;
				CODE_SIGN_STYLE = Automatic;
				DEVELOPMENT_TEAM = 96SB47X67B;
				INFOPLIST_FILE = QuotesUITests/Info.plist;
				LD_RUNPATH_SEARCH_PATHS = (
					"$(inherited)",
					"@executable_path/Frameworks",
					"@loader_path/Frameworks",
				);
				PRODUCT_BUNDLE_IDENTIFIER = com.CraunicProductions.QuotesUITests;
				PRODUCT_NAME = "$(TARGET_NAME)";
				SWIFT_VERSION = 5.0;
				TARGETED_DEVICE_FAMILY = "1,2";
				TEST_TARGET_NAME = Quotes;
			};
			name = Release;
		};
/* End XCBuildConfiguration section */

/* Begin XCConfigurationList section */
		9B7FF7832458D9E600E527EC /* Build configuration list for PBXProject "Quotes" */ = {
			isa = XCConfigurationList;
			buildConfigurations = (
				9B7FF7B32458D9E900E527EC /* Debug */,
				9B7FF7B42458D9E900E527EC /* Release */,
			);
			defaultConfigurationIsVisible = 0;
			defaultConfigurationName = Release;
		};
		9B7FF7B52458D9E900E527EC /* Build configuration list for PBXNativeTarget "Quotes" */ = {
			isa = XCConfigurationList;
			buildConfigurations = (
				9B7FF7B62458D9E900E527EC /* Debug */,
				9B7FF7B72458D9E900E527EC /* Release */,
			);
			defaultConfigurationIsVisible = 0;
			defaultConfigurationName = Release;
		};
		9B7FF7B82458D9E900E527EC /* Build configuration list for PBXNativeTarget "QuotesTests" */ = {
			isa = XCConfigurationList;
			buildConfigurations = (
				9B7FF7B92458D9E900E527EC /* Debug */,
				9B7FF7BA2458D9E900E527EC /* Release */,
			);
			defaultConfigurationIsVisible = 0;
			defaultConfigurationName = Release;
		};
		9B7FF7BB2458D9E900E527EC /* Build configuration list for PBXNativeTarget "QuotesUITests" */ = {
			isa = XCConfigurationList;
			buildConfigurations = (
				9B7FF7BC2458D9E900E527EC /* Debug */,
				9B7FF7BD2458D9E900E527EC /* Release */,
			);
			defaultConfigurationIsVisible = 0;
			defaultConfigurationName = Release;
		};
/* End XCConfigurationList section */

/* Begin XCVersionGroup section */
		9B7FF78F2458D9E600E527EC /* Quotes.xcdatamodeld */ = {
			isa = XCVersionGroup;
			children = (
				9B7FF7902458D9E600E527EC /* Quotes.xcdatamodel */,
			);
			currentVersion = 9B7FF7902458D9E600E527EC /* Quotes.xcdatamodel */;
			path = Quotes.xcdatamodeld;
			sourceTree = "<group>";
			versionGroupType = wrapper.xcdatamodel;
		};
/* End XCVersionGroup section */
	};
	rootObject = 9B7FF7802458D9E600E527EC /* Project object */;
}
